
Microsoft Visual Studio Solution File, Format Version 12.00
# Visual Studio Version 17
VisualStudioVersion = 17.3.32929.385
MinimumVisualStudioVersion = 10.0.40219.1
Project("{FAE04EC0-301F-11D3-BF4B-00C04F79EFBC}") = "EcommerceApp3", "EcommerceApp3\EcommerceApp3\EcommerceApp3.csproj", "{859CE4A6-5479-4CC7-A257-9DB8B827449E}"
EndProject
Project("{FAE04EC0-301F-11D3-BF4B-00C04F79EFBC}") = "EcommerceApp3.Android", "EcommerceApp3\EcommerceApp3.Android\EcommerceApp3.Android.csproj", "{074D31D7-9D68-4BD2-874A-E5E49A11A825}"
EndProject
Project("{FAE04EC0-301F-11D3-BF4B-00C04F79EFBC}") = "EcommerceApp3.iOS", "EcommerceApp3\EcommerceApp3.iOS\EcommerceApp3.iOS.csproj", "{0D19D5C1-C50D-4265-8D96-49915CB2F066}"
EndProject
Project("{FAE04EC0-301F-11D3-BF4B-00C04F79EFBC}") = "EcommerceApp3.UWP", "EcommerceApp3\EcommerceApp3.UWP\EcommerceApp3.UWP.csproj", "{C67168C6-049B-48A0-84E6-873E1F694235}"
EndProject
Global
	GlobalSection(SolutionConfigurationPlatforms) = preSolution
		Ad-Hoc|Any CPU = Ad-Hoc|Any CPU
		Ad-Hoc|ARM = Ad-Hoc|ARM
		Ad-Hoc|iPhone = Ad-Hoc|iPhone
		Ad-Hoc|iPhoneSimulator = Ad-Hoc|iPhoneSimulator
		Ad-Hoc|x64 = Ad-Hoc|x64
		Ad-Hoc|x86 = Ad-Hoc|x86
		AppStore|Any CPU = AppStore|Any CPU
		AppStore|ARM = AppStore|ARM
		AppStore|iPhone = AppStore|iPhone
		AppStore|iPhoneSimulator = AppStore|iPhoneSimulator
		AppStore|x64 = AppStore|x64
		AppStore|x86 = AppStore|x86
		Debug|Any CPU = Debug|Any CPU
		Debug|ARM = Debug|ARM
		Debug|iPhone = Debug|iPhone
		Debug|iPhoneSimulator = Debug|iPhoneSimulator
		Debug|x64 = Debug|x64
		Debug|x86 = Debug|x86
		Release|Any CPU = Release|Any CPU
		Release|ARM = Release|ARM
		Release|iPhone = Release|iPhone
		Release|iPhoneSimulator = Release|iPhoneSimulator
		Release|x64 = Release|x64
		Release|x86 = Release|x86
	EndGlobalSection
	GlobalSection(ProjectConfigurationPlatforms) = postSolution
		{859CE4A6-5479-4CC7-A257-9DB8B827449E}.Ad-Hoc|Any CPU.ActiveCfg = Debug|Any CPU
		{859CE4A6-5479-4CC7-A257-9DB8B827449E}.Ad-Hoc|Any CPU.Build.0 = Debug|Any CPU
		{859CE4A6-5479-4CC7-A257-9DB8B827449E}.Ad-Hoc|ARM.ActiveCfg = Debug|Any CPU
		{859CE4A6-5479-4CC7-A257-9DB8B827449E}.Ad-Hoc|ARM.Build.0 = Debug|Any CPU
		{859CE4A6-5479-4CC7-A257-9DB8B827449E}.Ad-Hoc|iPhone.ActiveCfg = Debug|Any CPU
		{859CE4A6-5479-4CC7-A257-9DB8B827449E}.Ad-Hoc|iPhone.Build.0 = Debug|Any CPU
		{859CE4A6-5479-4CC7-A257-9DB8B827449E}.Ad-Hoc|iPhoneSimulator.ActiveCfg = Debug|Any CPU
		{859CE4A6-5479-4CC7-A257-9DB8B827449E}.Ad-Hoc|iPhoneSimulator.Build.0 = Debug|Any CPU
		{859CE4A6-5479-4CC7-A257-9DB8B827449E}.Ad-Hoc|x64.ActiveCfg = Debug|Any CPU
		{859CE4A6-5479-4CC7-A257-9DB8B827449E}.Ad-Hoc|x64.Build.0 = Debug|Any CPU
		{859CE4A6-5479-4CC7-A257-9DB8B827449E}.Ad-Hoc|x86.ActiveCfg = Debug|Any CPU
		{859CE4A6-5479-4CC7-A257-9DB8B827449E}.Ad-Hoc|x86.Build.0 = Debug|Any CPU
		{859CE4A6-5479-4CC7-A257-9DB8B827449E}.AppStore|Any CPU.ActiveCfg = Debug|Any CPU
		{859CE4A6-5479-4CC7-A257-9DB8B827449E}.AppStore|Any CPU.Build.0 = Debug|Any CPU
		{859CE4A6-5479-4CC7-A257-9DB8B827449E}.AppStore|ARM.ActiveCfg = Debug|Any CPU
		{859CE4A6-5479-4CC7-A257-9DB8B827449E}.AppStore|ARM.Build.0 = Debug|Any CPU
		{859CE4A6-5479-4CC7-A257-9DB8B827449E}.AppStore|iPhone.ActiveCfg = Debug|Any CPU
		{859CE4A6-5479-4CC7-A257-9DB8B827449E}.AppStore|iPhone.Build.0 = Debug|Any CPU
		{859CE4A6-5479-4CC7-A257-9DB8B827449E}.AppStore|iPhoneSimulator.ActiveCfg = Debug|Any CPU
		{859CE4A6-5479-4CC7-A257-9DB8B827449E}.AppStore|iPhoneSimulator.Build.0 = Debug|Any CPU
		{859CE4A6-5479-4CC7-A257-9DB8B827449E}.AppStore|x64.ActiveCfg = Debug|Any CPU
		{859CE4A6-5479-4CC7-A257-9DB8B827449E}.AppStore|x64.Build.0 = Debug|Any CPU
		{859CE4A6-5479-4CC7-A257-9DB8B827449E}.AppStore|x86.ActiveCfg = Debug|Any CPU
		{859CE4A6-5479-4CC7-A257-9DB8B827449E}.AppStore|x86.Build.0 = Debug|Any CPU
		{859CE4A6-5479-4CC7-A257-9DB8B827449E}.Debug|Any CPU.ActiveCfg = Debug|Any CPU
		{859CE4A6-5479-4CC7-A257-9DB8B827449E}.Debug|Any CPU.Build.0 = Debug|Any CPU
		{859CE4A6-5479-4CC7-A257-9DB8B827449E}.Debug|ARM.ActiveCfg = Debug|Any CPU
		{859CE4A6-5479-4CC7-A257-9DB8B827449E}.Debug|ARM.Build.0 = Debug|Any CPU
		{859CE4A6-5479-4CC7-A257-9DB8B827449E}.Debug|iPhone.ActiveCfg = Debug|Any CPU
		{859CE4A6-5479-4CC7-A257-9DB8B827449E}.Debug|iPhone.Build.0 = Debug|Any CPU
		{859CE4A6-5479-4CC7-A257-9DB8B827449E}.Debug|iPhoneSimulator.ActiveCfg = Debug|Any CPU
		{859CE4A6-5479-4CC7-A257-9DB8B827449E}.Debug|iPhoneSimulator.Build.0 = Debug|Any CPU
		{859CE4A6-5479-4CC7-A257-9DB8B827449E}.Debug|x64.ActiveCfg = Debug|Any CPU
		{859CE4A6-5479-4CC7-A257-9DB8B827449E}.Debug|x64.Build.0 = Debug|Any CPU
		{859CE4A6-5479-4CC7-A257-9DB8B827449E}.Debug|x86.ActiveCfg = Debug|Any CPU
		{859CE4A6-5479-4CC7-A257-9DB8B827449E}.Debug|x86.Build.0 = Debug|Any CPU
		{859CE4A6-5479-4CC7-A257-9DB8B827449E}.Release|Any CPU.ActiveCfg = Release|Any CPU
		{859CE4A6-5479-4CC7-A257-9DB8B827449E}.Release|Any CPU.Build.0 = Release|Any CPU
		{859CE4A6-5479-4CC7-A257-9DB8B827449E}.Release|ARM.ActiveCfg = Release|Any CPU
		{859CE4A6-5479-4CC7-A257-9DB8B827449E}.Release|ARM.Build.0 = Release|Any CPU
		{859CE4A6-5479-4CC7-A257-9DB8B827449E}.Release|iPhone.ActiveCfg = Release|Any CPU
		{859CE4A6-5479-4CC7-A257-9DB8B827449E}.Release|iPhone.Build.0 = Release|Any CPU
		{859CE4A6-5479-4CC7-A257-9DB8B827449E}.Release|iPhoneSimulator.ActiveCfg = Release|Any CPU
		{859CE4A6-5479-4CC7-A257-9DB8B827449E}.Release|iPhoneSimulator.Build.0 = Release|Any CPU
		{859CE4A6-5479-4CC7-A257-9DB8B827449E}.Release|x64.ActiveCfg = Release|Any CPU
		{859CE4A6-5479-4CC7-A257-9DB8B827449E}.Release|x64.Build.0 = Release|Any CPU
		{859CE4A6-5479-4CC7-A257-9DB8B827449E}.Release|x86.ActiveCfg = Release|Any CPU
		{859CE4A6-5479-4CC7-A257-9DB8B827449E}.Release|x86.Build.0 = Release|Any CPU
		{074D31D7-9D68-4BD2-874A-E5E49A11A825}.Ad-Hoc|Any CPU.ActiveCfg = Debug|Any CPU
		{074D31D7-9D68-4BD2-874A-E5E49A11A825}.Ad-Hoc|Any CPU.Build.0 = Debug|Any CPU
		{074D31D7-9D68-4BD2-874A-E5E49A11A825}.Ad-Hoc|Any CPU.Deploy.0 = Debug|Any CPU
		{074D31D7-9D68-4BD2-874A-E5E49A11A825}.Ad-Hoc|ARM.ActiveCfg = Debug|Any CPU
		{074D31D7-9D68-4BD2-874A-E5E49A11A825}.Ad-Hoc|ARM.Build.0 = Debug|Any CPU
		{074D31D7-9D68-4BD2-874A-E5E49A11A825}.Ad-Hoc|ARM.Deploy.0 = Debug|Any CPU
		{074D31D7-9D68-4BD2-874A-E5E49A11A825}.Ad-Hoc|iPhone.ActiveCfg = Debug|Any CPU
		{074D31D7-9D68-4BD2-874A-E5E49A11A825}.Ad-Hoc|iPhone.Build.0 = Debug|Any CPU
		{074D31D7-9D68-4BD2-874A-E5E49A11A825}.Ad-Hoc|iPhone.Deploy.0 = Debug|Any CPU
		{074D31D7-9D68-4BD2-874A-E5E49A11A825}.Ad-Hoc|iPhoneSimulator.ActiveCfg = Debug|Any CPU
		{074D31D7-9D68-4BD2-874A-E5E49A11A825}.Ad-Hoc|iPhoneSimulator.Build.0 = Debug|Any CPU
		{074D31D7-9D68-4BD2-874A-E5E49A11A825}.Ad-Hoc|iPhoneSimulator.Deploy.0 = Debug|Any CPU
		{074D31D7-9D68-4BD2-874A-E5E49A11A825}.Ad-Hoc|x64.ActiveCfg = Debug|Any CPU
		{074D31D7-9D68-4BD2-874A-E5E49A11A825}.Ad-Hoc|x64.Build.0 = Debug|Any CPU
		{074D31D7-9D68-4BD2-874A-E5E49A11A825}.Ad-Hoc|x64.Deploy.0 = Debug|Any CPU
		{074D31D7-9D68-4BD2-874A-E5E49A11A825}.Ad-Hoc|x86.ActiveCfg = Debug|Any CPU
		{074D31D7-9D68-4BD2-874A-E5E49A11A825}.Ad-Hoc|x86.Build.0 = Debug|Any CPU
		{074D31D7-9D68-4BD2-874A-E5E49A11A825}.Ad-Hoc|x86.Deploy.0 = Debug|Any CPU
		{074D31D7-9D68-4BD2-874A-E5E49A11A825}.AppStore|Any CPU.ActiveCfg = Debug|Any CPU
		{074D31D7-9D68-4BD2-874A-E5E49A11A825}.AppStore|Any CPU.Build.0 = Debug|Any CPU
		{074D31D7-9D68-4BD2-874A-E5E49A11A825}.AppStore|Any CPU.Deploy.0 = Debug|Any CPU
		{074D31D7-9D68-4BD2-874A-E5E49A11A825}.AppStore|ARM.ActiveCfg = Debug|Any CPU
		{074D31D7-9D68-4BD2-874A-E5E49A11A825}.AppStore|ARM.Build.0 = Debug|Any CPU
		{074D31D7-9D68-4BD2-874A-E5E49A11A825}.AppStore|ARM.Deploy.0 = Debug|Any CPU
		{074D31D7-9D68-4BD2-874A-E5E49A11A825}.AppStore|iPhone.ActiveCfg = Debug|Any CPU
		{074D31D7-9D68-4BD2-874A-E5E49A11A825}.AppStore|iPhone.Build.0 = Debug|Any CPU
		{074D31D7-9D68-4BD2-874A-E5E49A11A825}.AppStore|iPhone.Deploy.0 = Debug|Any CPU
		{074D31D7-9D68-4BD2-874A-E5E49A11A825}.AppStore|iPhoneSimulator.ActiveCfg = Debug|Any CPU
		{074D31D7-9D68-4BD2-874A-E5E49A11A825}.AppStore|iPhoneSimulator.Build.0 = Debug|Any CPU
		{074D31D7-9D68-4BD2-874A-E5E49A11A825}.AppStore|iPhoneSimulator.Deploy.0 = Debug|Any CPU
		{074D31D7-9D68-4BD2-874A-E5E49A11A825}.AppStore|x64.ActiveCfg = Debug|Any CPU
		{074D31D7-9D68-4BD2-874A-E5E49A11A825}.AppStore|x64.Build.0 = Debug|Any CPU
		{074D31D7-9D68-4BD2-874A-E5E49A11A825}.AppStore|x64.Deploy.0 = Debug|Any CPU
		{074D31D7-9D68-4BD2-874A-E5E49A11A825}.AppStore|x86.ActiveCfg = Debug|Any CPU
		{074D31D7-9D68-4BD2-874A-E5E49A11A825}.AppStore|x86.Build.0 = Debug|Any CPU
		{074D31D7-9D68-4BD2-874A-E5E49A11A825}.AppStore|x86.Deploy.0 = Debug|Any CPU
		{074D31D7-9D68-4BD2-874A-E5E49A11A825}.Debug|Any CPU.ActiveCfg = Debug|Any CPU
		{074D31D7-9D68-4BD2-874A-E5E49A11A825}.Debug|Any CPU.Build.0 = Debug|Any CPU
		{074D31D7-9D68-4BD2-874A-E5E49A11A825}.Debug|Any CPU.Deploy.0 = Debug|Any CPU
		{074D31D7-9D68-4BD2-874A-E5E49A11A825}.Debug|ARM.ActiveCfg = Debug|Any CPU
		{074D31D7-9D68-4BD2-874A-E5E49A11A825}.Debug|ARM.Build.0 = Debug|Any CPU
		{074D31D7-9D68-4BD2-874A-E5E49A11A825}.Debug|ARM.Deploy.0 = Debug|Any CPU
		{074D31D7-9D68-4BD2-874A-E5E49A11A825}.Debug|iPhone.ActiveCfg = Debug|Any CPU
		{074D31D7-9D68-4BD2-874A-E5E49A11A825}.Debug|iPhone.Build.0 = Debug|Any CPU
		{074D31D7-9D68-4BD2-874A-E5E49A11A825}.Debug|iPhone.Deploy.0 = Debug|Any CPU
		{074D31D7-9D68-4BD2-874A-E5E49A11A825}.Debug|iPhoneSimulator.ActiveCfg = Debug|Any CPU
		{074D31D7-9D68-4BD2-874A-E5E49A11A825}.Debug|iPhoneSimulator.Build.0 = Debug|Any CPU
		{074D31D7-9D68-4BD2-874A-E5E49A11A825}.Debug|iPhoneSimulator.Deploy.0 = Debug|Any CPU
		{074D31D7-9D68-4BD2-874A-E5E49A11A825}.Debug|x64.ActiveCfg = Debug|Any CPU
		{074D31D7-9D68-4BD2-874A-E5E49A11A825}.Debug|x64.Build.0 = Debug|Any CPU
		{074D31D7-9D68-4BD2-874A-E5E49A11A825}.Debug|x64.Deploy.0 = Debug|Any CPU
		{074D31D7-9D68-4BD2-874A-E5E49A11A825}.Debug|x86.ActiveCfg = Debug|Any CPU
		{074D31D7-9D68-4BD2-874A-E5E49A11A825}.Debug|x86.Build.0 = Debug|Any CPU
		{074D31D7-9D68-4BD2-874A-E5E49A11A825}.Debug|x86.Deploy.0 = Debug|Any CPU
		{074D31D7-9D68-4BD2-874A-E5E49A11A825}.Release|Any CPU.ActiveCfg = Release|Any CPU
		{074D31D7-9D68-4BD2-874A-E5E49A11A825}.Release|Any CPU.Build.0 = Release|Any CPU
		{074D31D7-9D68-4BD2-874A-E5E49A11A825}.Release|Any CPU.Deploy.0 = Release|Any CPU
		{074D31D7-9D68-4BD2-874A-E5E49A11A825}.Release|ARM.ActiveCfg = Release|Any CPU
		{074D31D7-9D68-4BD2-874A-E5E49A11A825}.Release|ARM.Build.0 = Release|Any CPU
		{074D31D7-9D68-4BD2-874A-E5E49A11A825}.Release|ARM.Deploy.0 = Release|Any CPU
		{074D31D7-9D68-4BD2-874A-E5E49A11A825}.Release|iPhone.ActiveCfg = Release|Any CPU
		{074D31D7-9D68-4BD2-874A-E5E49A11A825}.Release|iPhone.Build.0 = Release|Any CPU
		{074D31D7-9D68-4BD2-874A-E5E49A11A825}.Release|iPhone.Deploy.0 = Release|Any CPU
		{074D31D7-9D68-4BD2-874A-E5E49A11A825}.Release|iPhoneSimulator.ActiveCfg = Release|Any CPU
		{074D31D7-9D68-4BD2-874A-E5E49A11A825}.Release|iPhoneSimulator.Build.0 = Release|Any CPU
		{074D31D7-9D68-4BD2-874A-E5E49A11A825}.Release|iPhoneSimulator.Deploy.0 = Release|Any CPU
		{074D31D7-9D68-4BD2-874A-E5E49A11A825}.Release|x64.ActiveCfg = Release|Any CPU
		{074D31D7-9D68-4BD2-874A-E5E49A11A825}.Release|x64.Build.0 = Release|Any CPU
		{074D31D7-9D68-4BD2-874A-E5E49A11A825}.Release|x64.Deploy.0 = Release|Any CPU
		{074D31D7-9D68-4BD2-874A-E5E49A11A825}.Release|x86.ActiveCfg = Release|Any CPU
		{074D31D7-9D68-4BD2-874A-E5E49A11A825}.Release|x86.Build.0 = Release|Any CPU
		{074D31D7-9D68-4BD2-874A-E5E49A11A825}.Release|x86.Deploy.0 = Release|Any CPU
		{0D19D5C1-C50D-4265-8D96-49915CB2F066}.Ad-Hoc|Any CPU.ActiveCfg = Ad-Hoc|iPhoneSimulator
		{0D19D5C1-C50D-4265-8D96-49915CB2F066}.Ad-Hoc|Any CPU.Build.0 = Ad-Hoc|iPhoneSimulator
		{0D19D5C1-C50D-4265-8D96-49915CB2F066}.Ad-Hoc|ARM.ActiveCfg = Ad-Hoc|iPhoneSimulator
		{0D19D5C1-C50D-4265-8D96-49915CB2F066}.Ad-Hoc|ARM.Build.0 = Ad-Hoc|iPhoneSimulator
		{0D19D5C1-C50D-4265-8D96-49915CB2F066}.Ad-Hoc|iPhone.ActiveCfg = Ad-Hoc|iPhone
		{0D19D5C1-C50D-4265-8D96-49915CB2F066}.Ad-Hoc|iPhone.Build.0 = Ad-Hoc|iPhone
		{0D19D5C1-C50D-4265-8D96-49915CB2F066}.Ad-Hoc|iPhoneSimulator.ActiveCfg = Ad-Hoc|iPhoneSimulator
		{0D19D5C1-C50D-4265-8D96-49915CB2F066}.Ad-Hoc|iPhoneSimulator.Build.0 = Ad-Hoc|iPhoneSimulator
		{0D19D5C1-C50D-4265-8D96-49915CB2F066}.Ad-Hoc|x64.ActiveCfg = Ad-Hoc|iPhoneSimulator
		{0D19D5C1-C50D-4265-8D96-49915CB2F066}.Ad-Hoc|x64.Build.0 = Ad-Hoc|iPhoneSimulator
		{0D19D5C1-C50D-4265-8D96-49915CB2F066}.Ad-Hoc|x86.ActiveCfg = Ad-Hoc|iPhoneSimulator
		{0D19D5C1-C50D-4265-8D96-49915CB2F066}.Ad-Hoc|x86.Build.0 = Ad-Hoc|iPhoneSimulator
		{0D19D5C1-C50D-4265-8D96-49915CB2F066}.AppStore|Any CPU.ActiveCfg = AppStore|iPhoneSimulator
		{0D19D5C1-C50D-4265-8D96-49915CB2F066}.AppStore|Any CPU.Build.0 = AppStore|iPhoneSimulator
		{0D19D5C1-C50D-4265-8D96-49915CB2F066}.AppStore|ARM.ActiveCfg = AppStore|iPhoneSimulator
		{0D19D5C1-C50D-4265-8D96-49915CB2F066}.AppStore|ARM.Build.0 = AppStore|iPhoneSimulator
		{0D19D5C1-C50D-4265-8D96-49915CB2F066}.AppStore|iPhone.ActiveCfg = AppStore|iPhone
		{0D19D5C1-C50D-4265-8D96-49915CB2F066}.AppStore|iPhone.Build.0 = AppStore|iPhone
		{0D19D5C1-C50D-4265-8D96-49915CB2F066}.AppStore|iPhoneSimulator.ActiveCfg = AppStore|iPhoneSimulator
		{0D19D5C1-C50D-4265-8D96-49915CB2F066}.AppStore|iPhoneSimulator.Build.0 = AppStore|iPhoneSimulator
		{0D19D5C1-C50D-4265-8D96-49915CB2F066}.AppStore|x64.ActiveCfg = AppStore|iPhoneSimulator
		{0D19D5C1-C50D-4265-8D96-49915CB2F066}.AppStore|x64.Build.0 = AppStore|iPhoneSimulator
		{0D19D5C1-C50D-4265-8D96-49915CB2F066}.AppStore|x86.ActiveCfg = AppStore|iPhoneSimulator
		{0D19D5C1-C50D-4265-8D96-49915CB2F066}.AppStore|x86.Build.0 = AppStore|iPhoneSimulator
		{0D19D5C1-C50D-4265-8D96-49915CB2F066}.Debug|Any CPU.ActiveCfg = Debug|iPhoneSimulator
		{0D19D5C1-C50D-4265-8D96-49915CB2F066}.Debug|Any CPU.Build.0 = Debug|iPhoneSimulator
		{0D19D5C1-C50D-4265-8D96-49915CB2F066}.Debug|ARM.ActiveCfg = Debug|iPhoneSimulator
		{0D19D5C1-C50D-4265-8D96-49915CB2F066}.Debug|ARM.Build.0 = Debug|iPhoneSimulator
		{0D19D5C1-C50D-4265-8D96-49915CB2F066}.Debug|iPhone.ActiveCfg = Debug|iPhone
		{0D19D5C1-C50D-4265-8D96-49915CB2F066}.Debug|iPhone.Build.0 = Debug|iPhone
		{0D19D5C1-C50D-4265-8D96-49915CB2F066}.Debug|iPhoneSimulator.ActiveCfg = Debug|iPhoneSimulator
		{0D19D5C1-C50D-4265-8D96-49915CB2F066}.Debug|iPhoneSimulator.Build.0 = Debug|iPhoneSimulator
		{0D19D5C1-C50D-4265-8D96-49915CB2F066}.Debug|x64.ActiveCfg = Debug|iPhoneSimulator
		{0D19D5C1-C50D-4265-8D96-49915CB2F066}.Debug|x64.Build.0 = Debug|iPhoneSimulator
		{0D19D5C1-C50D-4265-8D96-49915CB2F066}.Debug|x86.ActiveCfg = Debug|iPhoneSimulator
		{0D19D5C1-C50D-4265-8D96-49915CB2F066}.Debug|x86.Build.0 = Debug|iPhoneSimulator
		{0D19D5C1-C50D-4265-8D96-49915CB2F066}.Release|Any CPU.ActiveCfg = Release|iPhoneSimulator
		{0D19D5C1-C50D-4265-8D96-49915CB2F066}.Release|Any CPU.Build.0 = Release|iPhoneSimulator
		{0D19D5C1-C50D-4265-8D96-49915CB2F066}.Release|ARM.ActiveCfg = Release|iPhoneSimulator
		{0D19D5C1-C50D-4265-8D96-49915CB2F066}.Release|ARM.Build.0 = Release|iPhoneSimulator
		{0D19D5C1-C50D-4265-8D96-49915CB2F066}.Release|iPhone.ActiveCfg = Release|iPhone
		{0D19D5C1-C50D-4265-8D96-49915CB2F066}.Release|iPhone.Build.0 = Release|iPhone
		{0D19D5C1-C50D-4265-8D96-49915CB2F066}.Release|iPhoneSimulator.ActiveCfg = Release|iPhoneSimulator
		{0D19D5C1-C50D-4265-8D96-49915CB2F066}.Release|iPhoneSimulator.Build.0 = Release|iPhoneSimulator
		{0D19D5C1-C50D-4265-8D96-49915CB2F066}.Release|x64.ActiveCfg = Release|iPhoneSimulator
		{0D19D5C1-C50D-4265-8D96-49915CB2F066}.Release|x64.Build.0 = Release|iPhoneSimulator
		{0D19D5C1-C50D-4265-8D96-49915CB2F066}.Release|x86.ActiveCfg = Release|iPhoneSimulator
		{0D19D5C1-C50D-4265-8D96-49915CB2F066}.Release|x86.Build.0 = Release|iPhoneSimulator
		{C67168C6-049B-48A0-84E6-873E1F694235}.Ad-Hoc|Any CPU.ActiveCfg = Debug|x64
		{C67168C6-049B-48A0-84E6-873E1F694235}.Ad-Hoc|Any CPU.Build.0 = Debug|x64
		{C67168C6-049B-48A0-84E6-873E1F694235}.Ad-Hoc|Any CPU.Deploy.0 = Debug|x64
		{C67168C6-049B-48A0-84E6-873E1F694235}.Ad-Hoc|ARM.ActiveCfg = Debug|ARM
		{C67168C6-049B-48A0-84E6-873E1F694235}.Ad-Hoc|ARM.Build.0 = Debug|ARM
		{C67168C6-049B-48A0-84E6-873E1F694235}.Ad-Hoc|ARM.Deploy.0 = Debug|ARM
		{C67168C6-049B-48A0-84E6-873E1F694235}.Ad-Hoc|iPhone.ActiveCfg = Debug|x64
		{C67168C6-049B-48A0-84E6-873E1F694235}.Ad-Hoc|iPhone.Build.0 = Debug|x64
		{C67168C6-049B-48A0-84E6-873E1F694235}.Ad-Hoc|iPhone.Deploy.0 = Debug|x64
		{C67168C6-049B-48A0-84E6-873E1F694235}.Ad-Hoc|iPhoneSimulator.ActiveCfg = Debug|x64
		{C67168C6-049B-48A0-84E6-873E1F694235}.Ad-Hoc|iPhoneSimulator.Build.0 = Debug|x64
		{C67168C6-049B-48A0-84E6-873E1F694235}.Ad-Hoc|iPhoneSimulator.Deploy.0 = Debug|x64
		{C67168C6-049B-48A0-84E6-873E1F694235}.Ad-Hoc|x64.ActiveCfg = Debug|x64
		{C67168C6-049B-48A0-84E6-873E1F694235}.Ad-Hoc|x64.Build.0 = Debug|x64
		{C67168C6-049B-48A0-84E6-873E1F694235}.Ad-Hoc|x64.Deploy.0 = Debug|x64
		{C67168C6-049B-48A0-84E6-873E1F694235}.Ad-Hoc|x86.ActiveCfg = Debug|x86
		{C67168C6-049B-48A0-84E6-873E1F694235}.Ad-Hoc|x86.Build.0 = Debug|x86
		{C67168C6-049B-48A0-84E6-873E1F694235}.Ad-Hoc|x86.Deploy.0 = Debug|x86
		{C67168C6-049B-48A0-84E6-873E1F694235}.AppStore|Any CPU.ActiveCfg = Debug|x64
		{C67168C6-049B-48A0-84E6-873E1F694235}.AppStore|Any CPU.Build.0 = Debug|x64
		{C67168C6-049B-48A0-84E6-873E1F694235}.AppStore|Any CPU.Deploy.0 = Debug|x64
		{C67168C6-049B-48A0-84E6-873E1F694235}.AppStore|ARM.ActiveCfg = Debug|ARM
		{C67168C6-049B-48A0-84E6-873E1F694235}.AppStore|ARM.Build.0 = Debug|ARM
		{C67168C6-049B-48A0-84E6-873E1F694235}.AppStore|ARM.Deploy.0 = Debug|ARM
		{C67168C6-049B-48A0-84E6-873E1F694235}.AppStore|iPhone.ActiveCfg = Debug|x64
		{C67168C6-049B-48A0-84E6-873E1F694235}.AppStore|iPhone.Build.0 = Debug|x64
		{C67168C6-049B-48A0-84E6-873E1F694235}.AppStore|iPhone.Deploy.0 = Debug|x64
		{C67168C6-049B-48A0-84E6-873E1F694235}.AppStore|iPhoneSimulator.ActiveCfg = Debug|x64
		{C67168C6-049B-48A0-84E6-873E1F694235}.AppStore|iPhoneSimulator.Build.0 = Debug|x64
		{C67168C6-049B-48A0-84E6-873E1F694235}.AppStore|iPhoneSimulator.Deploy.0 = Debug|x64
		{C67168C6-049B-48A0-84E6-873E1F694235}.AppStore|x64.ActiveCfg = Debug|x64
		{C67168C6-049B-48A0-84E6-873E1F694235}.AppStore|x64.Build.0 = Debug|x64
		{C67168C6-049B-48A0-84E6-873E1F694235}.AppStore|x64.Deploy.0 = Debug|x64
		{C67168C6-049B-48A0-84E6-873E1F694235}.AppStore|x86.ActiveCfg = Debug|x86
		{C67168C6-049B-48A0-84E6-873E1F694235}.AppStore|x86.Build.0 = Debug|x86
		{C67168C6-049B-48A0-84E6-873E1F694235}.AppStore|x86.Deploy.0 = Debug|x86
		{C67168C6-049B-48A0-84E6-873E1F694235}.Debug|Any CPU.ActiveCfg = Debug|x64
		{C67168C6-049B-48A0-84E6-873E1F694235}.Debug|Any CPU.Build.0 = Debug|x64
		{C67168C6-049B-48A0-84E6-873E1F694235}.Debug|Any CPU.Deploy.0 = Debug|x64
		{C67168C6-049B-48A0-84E6-873E1F694235}.Debug|ARM.ActiveCfg = Debug|ARM
		{C67168C6-049B-48A0-84E6-873E1F694235}.Debug|ARM.Build.0 = Debug|ARM
		{C67168C6-049B-48A0-84E6-873E1F694235}.Debug|ARM.Deploy.0 = Debug|ARM
		{C67168C6-049B-48A0-84E6-873E1F694235}.Debug|iPhone.ActiveCfg = Debug|x64
		{C67168C6-049B-48A0-84E6-873E1F694235}.Debug|iPhone.Build.0 = Debug|x64
		{C67168C6-049B-48A0-84E6-873E1F694235}.Debug|iPhone.Deploy.0 = Debug|x64
		{C67168C6-049B-48A0-84E6-873E1F694235}.Debug|iPhoneSimulator.ActiveCfg = Debug|x64
		{C67168C6-049B-48A0-84E6-873E1F694235}.Debug|iPhoneSimulator.Build.0 = Debug|x64
		{C67168C6-049B-48A0-84E6-873E1F694235}.Debug|iPhoneSimulator.Deploy.0 = Debug|x64
		{C67168C6-049B-48A0-84E6-873E1F694235}.Debug|x64.ActiveCfg = Debug|x64
		{C67168C6-049B-48A0-84E6-873E1F694235}.Debug|x64.Build.0 = Debug|x64
		{C67168C6-049B-48A0-84E6-873E1F694235}.Debug|x64.Deploy.0 = Debug|x64
		{C67168C6-049B-48A0-84E6-873E1F694235}.Debug|x86.ActiveCfg = Debug|x86
		{C67168C6-049B-48A0-84E6-873E1F694235}.Debug|x86.Build.0 = Debug|x86
		{C67168C6-049B-48A0-84E6-873E1F694235}.Debug|x86.Deploy.0 = Debug|x86
		{C67168C6-049B-48A0-84E6-873E1F694235}.Release|Any CPU.ActiveCfg = Release|x64
		{C67168C6-049B-48A0-84E6-873E1F694235}.Release|Any CPU.Build.0 = Release|x64
		{C67168C6-049B-48A0-84E6-873E1F694235}.Release|Any CPU.Deploy.0 = Release|x64
		{C67168C6-049B-48A0-84E6-873E1F694235}.Release|ARM.ActiveCfg = Release|ARM
		{C67168C6-049B-48A0-84E6-873E1F694235}.Release|ARM.Build.0 = Release|ARM
		{C67168C6-049B-48A0-84E6-873E1F694235}.Release|ARM.Deploy.0 = Release|ARM
		{C67168C6-049B-48A0-84E6-873E1F694235}.Release|iPhone.ActiveCfg = Release|x64
		{C67168C6-049B-48A0-84E6-873E1F694235}.Release|iPhone.Build.0 = Release|x64
		{C67168C6-049B-48A0-84E6-873E1F694235}.Release|iPhone.Deploy.0 = Release|x64
		{C67168C6-049B-48A0-84E6-873E1F694235}.Release|iPhoneSimulator.ActiveCfg = Release|x64
		{C67168C6-049B-48A0-84E6-873E1F694235}.Release|iPhoneSimulator.Build.0 = Release|x64
		{C67168C6-049B-48A0-84E6-873E1F694235}.Release|iPhoneSimulator.Deploy.0 = Release|x64
		{C67168C6-049B-48A0-84E6-873E1F694235}.Release|x64.ActiveCfg = Release|x64
		{C67168C6-049B-48A0-84E6-873E1F694235}.Release|x64.Build.0 = Release|x64
		{C67168C6-049B-48A0-84E6-873E1F694235}.Release|x64.Deploy.0 = Release|x64
		{C67168C6-049B-48A0-84E6-873E1F694235}.Release|x86.ActiveCfg = Release|x86
		{C67168C6-049B-48A0-84E6-873E1F694235}.Release|x86.Build.0 = Release|x86
		{C67168C6-049B-48A0-84E6-873E1F694235}.Release|x86.Deploy.0 = Release|x86
	EndGlobalSection
	GlobalSection(SolutionProperties) = preSolution
		HideSolutionNode = FALSE
	EndGlobalSection
	GlobalSection(ExtensibilityGlobals) = postSolution
		SolutionGuid = {620C9300-A1A9-4754-9ADE-54F51265F6C2}
	EndGlobalSection
EndGlobal
